
Microsoft Visual Studio Solution File, Format Version 12.00
# Visual Studio 2012
Project("{F184B08F-C81C-45F6-A57F-5ABD9991F28F}") = "STW_Update_Program", "STW_Update_Program.vbproj", "{1981CA42-CCA8-432F-8D13-5AFCDE7D92CA}"
EndProject
Global
	GlobalSection(SolutionConfigurationPlatforms) = preSolution
		Debug|Any CPU = Debug|Any CPU
		Release|Any CPU = Release|Any CPU
	EndGlobalSection
	GlobalSection(ProjectConfigurationPlatforms) = postSolution
		{1981CA42-CCA8-432F-8D13-5AFCDE7D92CA}.Debug|Any CPU.ActiveCfg = Debug|Any CPU
		{1981CA42-CCA8-432F-8D13-5AFCDE7D92CA}.Debug|Any CPU.Build.0 = Debug|Any CPU
		{1981CA42-CCA8-432F-8D13-5AFCDE7D92CA}.Release|Any CPU.ActiveCfg = Release|Any CPU
		{1981CA42-CCA8-432F-8D13-5AFCDE7D92CA}.Release|Any CPU.Build.0 = Release|Any CPU
	EndGlobalSection
	GlobalSection(SolutionProperties) = preSolution
		HideSolutionNode = FALSE
	EndGlobalSection
EndGlobal
